
Microsoft Visual Studio Solution File, Format Version 12.00
# Visual Studio Version 17
VisualStudioVersion = 17.4.33205.214
MinimumVisualStudioVersion = 10.0.40219.1
Project("{FAE04EC0-301F-11D3-BF4B-00C04F79EFBC}") = "MasterPolZAA", "MasterPolZAA\MasterPolZAA.csproj", "{028E4345-D6BC-49CB-A3B9-7932785C7CB7}"
EndProject
Global
	GlobalSection(SolutionConfigurationPlatforms) = preSolution
		Debug|Any CPU = Debug|Any CPU
		Release|Any CPU = Release|Any CPU
	EndGlobalSection
	GlobalSection(ProjectConfigurationPlatforms) = postSolution
		{028E4345-D6BC-49CB-A3B9-7932785C7CB7}.Debug|Any CPU.ActiveCfg = Debug|Any CPU
		{028E4345-D6BC-49CB-A3B9-7932785C7CB7}.Debug|Any CPU.Build.0 = Debug|Any CPU
		{028E4345-D6BC-49CB-A3B9-7932785C7CB7}.Release|Any CPU.ActiveCfg = Release|Any CPU
		{028E4345-D6BC-49CB-A3B9-7932785C7CB7}.Release|Any CPU.Build.0 = Release|Any CPU
	EndGlobalSection
	GlobalSection(SolutionProperties) = preSolution
		HideSolutionNode = FALSE
	EndGlobalSection
	GlobalSection(ExtensibilityGlobals) = postSolution
		SolutionGuid = {1BDF6534-B348-4888-88C0-B24C422BA02C}
	EndGlobalSection
EndGlobal
